
Microsoft Visual Studio Solution File, Format Version 12.00
# Visual Studio 15
VisualStudioVersion = 15.0.26730.12
MinimumVisualStudioVersion = 10.0.40219.1
Project("{FAE04EC0-301F-11D3-BF4B-00C04F79EFBC}") = "NumberGuesser", "NumberGuesser.csproj", "{4F234CF0-C553-4D4E-BA5D-97268EDF1674}"
EndProject
Global
	GlobalSection(SolutionConfigurationPlatforms) = preSolution
		Debug|Any CPU = Debug|Any CPU
		Release|Any CPU = Release|Any CPU
	EndGlobalSection
	GlobalSection(ProjectConfigurationPlatforms) = postSolution
		{4F234CF0-C553-4D4E-BA5D-97268EDF1674}.Debug|Any CPU.ActiveCfg = Debug|Any CPU
		{4F234CF0-C553-4D4E-BA5D-97268EDF1674}.Debug|Any CPU.Build.0 = Debug|Any CPU
		{4F234CF0-C553-4D4E-BA5D-97268EDF1674}.Release|Any CPU.ActiveCfg = Release|Any CPU
		{4F234CF0-C553-4D4E-BA5D-97268EDF1674}.Release|Any CPU.Build.0 = Release|Any CPU
	EndGlobalSection
	GlobalSection(SolutionProperties) = preSolution
		HideSolutionNode = FALSE
	EndGlobalSection
	GlobalSection(ExtensibilityGlobals) = postSolution
		SolutionGuid = {060674D8-ABAB-4B96-B5A8-D6588AFBFB4A}
	EndGlobalSection
EndGlobal
